<?xml version="1.0" encoding="utf-8"?>
<Project ToolsVersion="4.0" xmlns="http://schemas.microsoft.com/developer/msbuild/2003">
  <ItemGroup>
    <Filter Include="源文件">
      <UniqueIdentifier>{4FC737F1-C7A5-4376-A066-2A32D752A2FF}</UniqueIdentifier>
      <Extensions>cpp;c;cc;cxx;def;odl;idl;hpj;bat;asm;asmx</Extensions>
    </Filter>
    <Filter Include="头文件">
      <UniqueIdentifier>{93995380-89BD-4b04-88EB-625FBE52EBFB}</UniqueIdentifier>
      <Extensions>h;hpp;hxx;hm;inl;inc;xsd</Extensions>
    </Filter>
    <Filter Include="资源文件">
      <UniqueIdentifier>{67DA6AB6-F800-4c08-8B7A-83BB121AAD01}</UniqueIdentifier>
      <Extensions>rc;ico;cur;bmp;dlg;rc2;rct;bin;rgs;gif;jpg;jpeg;jpe;resx;tiff;tif;png;wav;mfcribbon-ms</Extensions>
    </Filter>
  </ItemGroup>
  <ItemGroup>
    <ClInclude Include="NNS_cell.h">
      <Filter>头文件</Filter>
    </ClInclude>
    <ClInclude Include="NNS_rand_core.h">
      <Filter>头文件</Filter>
    </ClInclude>
    <ClInclude Include="NNS_logic_core.h">
      <Filter>头文件</Filter>
    </ClInclude>
    <ClInclude Include="NNS_core_layer.h">
      <Filter>头文件</Filter>
    </ClInclude>
    <ClInclude Include="NNS_think_center.h">
      <Filter>头文件</Filter>
    </ClInclude>
    <ClInclude Include="NNS_feel_layer.h">
      <Filter>头文件</Filter>
    </ClInclude>
    <ClInclude Include="NNS_memery_layer.h">
      <Filter>头文件</Filter>
    </ClInclude>
    <ClInclude Include="NNS_express_layer.h">
      <Filter>头文件</Filter>
    </ClInclude>
    <ClInclude Include="NNS_brain.h">
      <Filter>头文件</Filter>
    </ClInclude>
    <ClInclude Include="NNS_god.h">
      <Filter>头文件</Filter>
    </ClInclude>
  </ItemGroup>
  <ItemGroup>
    <ClCompile Include="NNS_cell.cpp">
      <Filter>源文件</Filter>
    </ClCompile>
    <ClCompile Include="NNS_rand_core.cpp">
      <Filter>源文件</Filter>
    </ClCompile>
    <ClCompile Include="NNS_logic_core.cpp">
      <Filter>源文件</Filter>
    </ClCompile>
    <ClCompile Include="NNS_core_layer.cpp">
      <Filter>源文件</Filter>
    </ClCompile>
    <ClCompile Include="NNS_think_center.cpp">
      <Filter>源文件</Filter>
    </ClCompile>
    <ClCompile Include="NNS_feel_layer.cpp">
      <Filter>源文件</Filter>
    </ClCompile>
    <ClCompile Include="NNS_memery_layer.cpp">
      <Filter>源文件</Filter>
    </ClCompile>
    <ClCompile Include="NNS_express_layer.cpp">
      <Filter>源文件</Filter>
    </ClCompile>
    <ClCompile Include="NNS_brain.cpp">
      <Filter>源文件</Filter>
    </ClCompile>
    <ClCompile Include="Lily.cpp">
      <Filter>源文件</Filter>
    </ClCompile>
    <ClCompile Include="NNS_god.cpp">
      <Filter>源文件</Filter>
    </ClCompile>
  </ItemGroup>
</Project>